PODS:
  - SDWebImage (5.14.3):
    - SDWebImage/Core (= 5.14.3)
  - SDWebImage/Core (5.14.3)

DEPENDENCIES:
  - SDWebImage

SPEC REPOS:
  https://gitee.com/mirrors/CocoaPods-Specs.git:
    - SDWebImage

SPEC CHECKSUMS:
  SDWebImage: 9c36e66c8ce4620b41a7407698dda44211a96764

PODFILE CHECKSUM: 3ea3b9f02056b1d9d3d1edd48f96abbfda52cd02

COCOAPODS: 1.11.3
